
Microsoft Visual Studio Solution File, Format Version 12.00
# Visual Studio 2012
Project("{FAE04EC0-301F-11D3-BF4B-00C04F79EFBC}") = "Metro", "Metro\Metro.csproj", "{4570C7CC-95A6-421F-BAAF-CCFC88B3B24D}"
EndProject
Project("{FAE04EC0-301F-11D3-BF4B-00C04F79EFBC}") = "Metro.Test", "Metro.Test\Metro.Test.csproj", "{15EA5158-7A21-4AB8-8537-DC25DB21C25A}"
EndProject
Global
	GlobalSection(SolutionConfigurationPlatforms) = preSolution
		Debug|Any CPU = Debug|Any CPU
		Release|Any CPU = Release|Any CPU
	EndGlobalSection
	GlobalSection(ProjectConfigurationPlatforms) = postSolution
		{4570C7CC-95A6-421F-BAAF-CCFC88B3B24D}.Debug|Any CPU.ActiveCfg = Debug|Any CPU
		{4570C7CC-95A6-421F-BAAF-CCFC88B3B24D}.Debug|Any CPU.Build.0 = Debug|Any CPU
		{4570C7CC-95A6-421F-BAAF-CCFC88B3B24D}.Release|Any CPU.ActiveCfg = Release|Any CPU
		{4570C7CC-95A6-421F-BAAF-CCFC88B3B24D}.Release|Any CPU.Build.0 = Release|Any CPU
		{15EA5158-7A21-4AB8-8537-DC25DB21C25A}.Debug|Any CPU.ActiveCfg = Debug|Any CPU
		{15EA5158-7A21-4AB8-8537-DC25DB21C25A}.Debug|Any CPU.Build.0 = Debug|Any CPU
		{15EA5158-7A21-4AB8-8537-DC25DB21C25A}.Release|Any CPU.ActiveCfg = Release|Any CPU
		{15EA5158-7A21-4AB8-8537-DC25DB21C25A}.Release|Any CPU.Build.0 = Release|Any CPU
	EndGlobalSection
	GlobalSection(SolutionProperties) = preSolution
		HideSolutionNode = FALSE
	EndGlobalSection
EndGlobal
